
Microsoft Visual Studio Solution File, Format Version 12.00
# Visual Studio 15
VisualStudioVersion = 15.0.27130.2027
MinimumVisualStudioVersion = 10.0.40219.1
Project("{FAE04EC0-301F-11D3-BF4B-00C04F79EFBC}") = "VendorsInfo", "VendorsInfo\VendorsInfo.csproj", "{9404EF7B-99D4-4A4C-AFBC-6503C08EFEDE}"
EndProject
Global
	GlobalSection(SolutionConfigurationPlatforms) = preSolution
		Debug|Any CPU = Debug|Any CPU
		Release|Any CPU = Release|Any CPU
	EndGlobalSection
	GlobalSection(ProjectConfigurationPlatforms) = postSolution
		{9404EF7B-99D4-4A4C-AFBC-6503C08EFEDE}.Debug|Any CPU.ActiveCfg = Debug|Any CPU
		{9404EF7B-99D4-4A4C-AFBC-6503C08EFEDE}.Debug|Any CPU.Build.0 = Debug|Any CPU
		{9404EF7B-99D4-4A4C-AFBC-6503C08EFEDE}.Release|Any CPU.ActiveCfg = Release|Any CPU
		{9404EF7B-99D4-4A4C-AFBC-6503C08EFEDE}.Release|Any CPU.Build.0 = Release|Any CPU
	EndGlobalSection
	GlobalSection(SolutionProperties) = preSolution
		HideSolutionNode = FALSE
	EndGlobalSection
	GlobalSection(ExtensibilityGlobals) = postSolution
		SolutionGuid = {881A5FE3-9A38-487C-906C-569C84846095}
	EndGlobalSection
EndGlobal
